{
  "name": "butterfloat",
  "version": "1.0.0",
  "lockfileVersion": 2,
  "requires": true,
  "packages": {
    "": {
      "name": "butterfloat",
      "version": "1.0.0",
      "license": "MIT",
      "dependencies": {
        "rxjs": "^7.8.1"
      },
      "devDependencies": {
        "@types/node": "^20.8.3",
        "prettier": "^3.0.3",
        "typescript": "^5.2.2"
      }
    },
    "node_modules/@types/node": {
      "version": "20.8.3",
      "resolved": "https://registry.npmjs.org/@types/node/-/node-20.8.3.tgz",
      "integrity": "sha512-jxiZQFpb+NlH5kjW49vXxvxTjeeqlbsnTAdBTKpzEdPs9itay7MscYXz3Fo9VYFEsfQ6LJFitHad3faerLAjCw==",
      "dev": true
    },
    "node_modules/prettier": {
      "version": "3.0.3",
      "resolved": "https://registry.npmjs.org/prettier/-/prettier-3.0.3.tgz",
      "integrity": "sha512-L/4pUDMxcNa8R/EthV08Zt42WBO4h1rarVtK0K+QJG0X187OLo7l699jWw0GKuwzkPQ//jMFA/8Xm6Fh3J/DAg==",
      "dev": true,
      "bin": {
        "prettier": "bin/prettier.cjs"
      },
      "engines": {
        "node": ">=14"
      },
      "funding": {
        "url": "https://github.com/prettier/prettier?sponsor=1"
      }
    },
    "node_modules/rxjs": {
      "version": "7.8.1",
      "resolved": "https://registry.npmjs.org/rxjs/-/rxjs-7.8.1.tgz",
      "integrity": "sha512-AA3TVj+0A2iuIoQkWEK/tqFjBq2j+6PO6Y0zJcvzLAFhEFIO3HL0vls9hWLncZbAAbK0mar7oZ4V079I/qPMxg==",
      "dependencies": {
        "tslib": "^2.1.0"
      }
    },
    "node_modules/tslib": {
      "version": "2.6.2",
      "resolved": "https://registry.npmjs.org/tslib/-/tslib-2.6.2.tgz",
      "integrity": "sha512-AEYxH93jGFPn/a2iVAwW87VuUIkR1FVUKB77NwMF7nBTDkDrrT/Hpt/IrCJ0QXhW27jTBDcf5ZY7w6RiqTMw2Q=="
    },
    "node_modules/typescript": {
      "version": "5.2.2",
      "resolved": "https://registry.npmjs.org/typescript/-/typescript-5.2.2.tgz",
      "integrity": "sha512-mI4WrpHsbCIcwT9cF4FZvr80QUeKvsUsUvKDoR+X/7XHQH98xYD8YHZg7ANtz2GtZt/CBq2QJ0thkGJMHfqc1w==",
      "dev": true,
      "bin": {
        "tsc": "bin/tsc",
        "tsserver": "bin/tsserver"
      },
      "engines": {
        "node": ">=14.17"
      }
    }
  },
  "dependencies": {
    "@types/node": {
      "version": "20.8.3",
      "resolved": "https://registry.npmjs.org/@types/node/-/node-20.8.3.tgz",
      "integrity": "sha512-jxiZQFpb+NlH5kjW49vXxvxTjeeqlbsnTAdBTKpzEdPs9itay7MscYXz3Fo9VYFEsfQ6LJFitHad3faerLAjCw==",
      "dev": true
    },
    "prettier": {
      "version": "3.0.3",
      "resolved": "https://registry.npmjs.org/prettier/-/prettier-3.0.3.tgz",
      "integrity": "sha512-L/4pUDMxcNa8R/EthV08Zt42WBO4h1rarVtK0K+QJG0X187OLo7l699jWw0GKuwzkPQ//jMFA/8Xm6Fh3J/DAg==",
      "dev": true
    },
    "rxjs": {
      "version": "7.8.1",
      "resolved": "https://registry.npmjs.org/rxjs/-/rxjs-7.8.1.tgz",
      "integrity": "sha512-AA3TVj+0A2iuIoQkWEK/tqFjBq2j+6PO6Y0zJcvzLAFhEFIO3HL0vls9hWLncZbAAbK0mar7oZ4V079I/qPMxg==",
      "requires": {
        "tslib": "^2.1.0"
      }
    },
    "tslib": {
      "version": "2.6.2",
      "resolved": "https://registry.npmjs.org/tslib/-/tslib-2.6.2.tgz",
      "integrity": "sha512-AEYxH93jGFPn/a2iVAwW87VuUIkR1FVUKB77NwMF7nBTDkDrrT/Hpt/IrCJ0QXhW27jTBDcf5ZY7w6RiqTMw2Q=="
    },
    "typescript": {
      "version": "5.2.2",
      "resolved": "https://registry.npmjs.org/typescript/-/typescript-5.2.2.tgz",
      "integrity": "sha512-mI4WrpHsbCIcwT9cF4FZvr80QUeKvsUsUvKDoR+X/7XHQH98xYD8YHZg7ANtz2GtZt/CBq2QJ0thkGJMHfqc1w==",
      "dev": true
    }
  }
}
